
Microsoft Visual Studio Solution File, Format Version 12.00
# Visual Studio 14
VisualStudioVersion = 14.0.25420.1
MinimumVisualStudioVersion = 10.0.40219.1
Project("{FAE04EC0-301F-11D3-BF4B-00C04F79EFBC}") = "BFCore", "BFCore\BFCore.csproj", "{D8A69E26-F575-4BB6-9048-9FA37B2E4C60}"
EndProject
Project("{FAE04EC0-301F-11D3-BF4B-00C04F79EFBC}") = "Compiler", "Compiler\Compiler.csproj", "{B395FD05-0B1D-425F-B184-52B037D9A8B6}"
EndProject
Project("{FAE04EC0-301F-11D3-BF4B-00C04F79EFBC}") = "test2", "test2\test2.csproj", "{DB5A879A-C2AA-481E-9194-6B9B7268B9C5}"
EndProject
Global
	GlobalSection(SolutionConfigurationPlatforms) = preSolution
		Debug|Any CPU = Debug|Any CPU
		Release|Any CPU = Release|Any CPU
	EndGlobalSection
	GlobalSection(ProjectConfigurationPlatforms) = postSolution
		{D8A69E26-F575-4BB6-9048-9FA37B2E4C60}.Debug|Any CPU.ActiveCfg = Debug|Any CPU
		{D8A69E26-F575-4BB6-9048-9FA37B2E4C60}.Debug|Any CPU.Build.0 = Debug|Any CPU
		{D8A69E26-F575-4BB6-9048-9FA37B2E4C60}.Release|Any CPU.ActiveCfg = Release|Any CPU
		{D8A69E26-F575-4BB6-9048-9FA37B2E4C60}.Release|Any CPU.Build.0 = Release|Any CPU
		{B395FD05-0B1D-425F-B184-52B037D9A8B6}.Debug|Any CPU.ActiveCfg = Debug|Any CPU
		{B395FD05-0B1D-425F-B184-52B037D9A8B6}.Debug|Any CPU.Build.0 = Debug|Any CPU
		{B395FD05-0B1D-425F-B184-52B037D9A8B6}.Release|Any CPU.ActiveCfg = Release|Any CPU
		{B395FD05-0B1D-425F-B184-52B037D9A8B6}.Release|Any CPU.Build.0 = Release|Any CPU
		{DB5A879A-C2AA-481E-9194-6B9B7268B9C5}.Debug|Any CPU.ActiveCfg = Debug|Any CPU
		{DB5A879A-C2AA-481E-9194-6B9B7268B9C5}.Debug|Any CPU.Build.0 = Debug|Any CPU
		{DB5A879A-C2AA-481E-9194-6B9B7268B9C5}.Release|Any CPU.ActiveCfg = Release|Any CPU
		{DB5A879A-C2AA-481E-9194-6B9B7268B9C5}.Release|Any CPU.Build.0 = Release|Any CPU
	EndGlobalSection
	GlobalSection(SolutionProperties) = preSolution
		HideSolutionNode = FALSE
	EndGlobalSection
EndGlobal
